// !$*UTF8*$!
{
	archiveVersion = 1;
	classes = {
	};
	objectVersion = 56;
	objects = {

/* Begin PBXBuildFile section */
		0F9FD6B62A17C32300267F95 /* ScenariosM.swift in Sources */ = {isa = PBXBuildFile; fileRef = 0F9FD6B52A17C32300267F95 /* ScenariosM.swift */; };
		0F9FD6B82A1BAE6C00267F95 /* FirstPage.swift in Sources */ = {isa = PBXBuildFile; fileRef = 0F9FD6B72A1BAE6C00267F95 /* FirstPage.swift */; };
		0F9FD6BA2A1BB87F00267F95 /* SurveyDisclaimer.swift in Sources */ = {isa = PBXBuildFile; fileRef = 0F9FD6B92A1BB87F00267F95 /* SurveyDisclaimer.swift */; };
		0F9FD6BC2A1BB89300267F95 /* SurveyPage.swift in Sources */ = {isa = PBXBuildFile; fileRef = 0F9FD6BB2A1BB89300267F95 /* SurveyPage.swift */; };
		0F9FD6C12A1BC76000267F95 /* Courier New.ttf in Resources */ = {isa = PBXBuildFile; fileRef = 0F9FD6BD2A1BC75F00267F95 /* Courier New.ttf */; };
		0F9FD6C22A1BC76000267F95 /* Courier New Bold.ttf in Resources */ = {isa = PBXBuildFile; fileRef = 0F9FD6BE2A1BC76000267F95 /* Courier New Bold.ttf */; };
		0F9FD6C32A1BC76000267F95 /* Courier New Bold Italic.ttf in Resources */ = {isa = PBXBuildFile; fileRef = 0F9FD6BF2A1BC76000267F95 /* Courier New Bold Italic.ttf */; };
		0F9FD6C42A1BC76000267F95 /* Courier New Italic.ttf in Resources */ = {isa = PBXBuildFile; fileRef = 0F9FD6C02A1BC76000267F95 /* Courier New Italic.ttf */; };
		0FF310A32A125DA6006A731A /* SoCoApp.swift in Sources */ = {isa = PBXBuildFile; fileRef = 0FF310A22A125DA6006A731A /* SoCoApp.swift */; };
		0FF310A52A125DA6006A731A /* ContentView.swift in Sources */ = {isa = PBXBuildFile; fileRef = 0FF310A42A125DA6006A731A /* ContentView.swift */; };
		0FF310A72A125DA8006A731A /* Assets.xcassets in Resources */ = {isa = PBXBuildFile; fileRef = 0FF310A62A125DA8006A731A /* Assets.xcassets */; };
		0FF310AB2A125DA8006A731A /* Preview Assets.xcassets in Resources */ = {isa = PBXBuildFile; fileRef = 0FF310AA2A125DA8006A731A /* Preview Assets.xcassets */; };
		0FF310B22A12826D006A731A /* PartyView.swift in Sources */ = {isa = PBXBuildFile; fileRef = 0FF310B12A12826D006A731A /* PartyView.swift */; };
		0FF310B42A128423006A731A /* JobView.swift in Sources */ = {isa = PBXBuildFile; fileRef = 0FF310B32A128423006A731A /* JobView.swift */; };
		0FF310B62A12876D006A731A /* Answer1.swift in Sources */ = {isa = PBXBuildFile; fileRef = 0FF310B52A12876D006A731A /* Answer1.swift */; };
/* End PBXBuildFile section */

/* Begin PBXFileReference section */
		0F9FD6B52A17C32300267F95 /* ScenariosM.swift */ = {isa = PBXFileReference; lastKnownFileType = sourcecode.swift; path = ScenariosM.swift; sourceTree = "<group>"; };
		0F9FD6B72A1BAE6C00267F95 /* FirstPage.swift */ = {isa = PBXFileReference; lastKnownFileType = sourcecode.swift; path = FirstPage.swift; sourceTree = "<group>"; };
		0F9FD6B92A1BB87F00267F95 /* SurveyDisclaimer.swift */ = {isa = PBXFileReference; lastKnownFileType = sourcecode.swift; path = SurveyDisclaimer.swift; sourceTree = "<group>"; };
		0F9FD6BB2A1BB89300267F95 /* SurveyPage.swift */ = {isa = PBXFileReference; lastKnownFileType = sourcecode.swift; path = SurveyPage.swift; sourceTree = "<group>"; };
		0F9FD6BD2A1BC75F00267F95 /* Courier New.ttf */ = {isa = PBXFileReference; lastKnownFileType = file; name = "Courier New.ttf"; path = "../../../../../System/Library/Fonts/Supplemental/Courier New.ttf"; sourceTree = "<group>"; };
		0F9FD6BE2A1BC76000267F95 /* Courier New Bold.ttf */ = {isa = PBXFileReference; lastKnownFileType = file; name = "Courier New Bold.ttf"; path = "../../../../../System/Library/Fonts/Supplemental/Courier New Bold.ttf"; sourceTree = "<group>"; };
		0F9FD6BF2A1BC76000267F95 /* Courier New Bold Italic.ttf */ = {isa = PBXFileReference; lastKnownFileType = file; name = "Courier New Bold Italic.ttf"; path = "../../../../../System/Library/Fonts/Supplemental/Courier New Bold Italic.ttf"; sourceTree = "<group>"; };
		0F9FD6C02A1BC76000267F95 /* Courier New Italic.ttf */ = {isa = PBXFileReference; lastKnownFileType = file; name = "Courier New Italic.ttf"; path = "../../../../../System/Library/Fonts/Supplemental/Courier New Italic.ttf"; sourceTree = "<group>"; };
		0FF3109F2A125DA6006A731A /* SoCo.app */ = {isa = PBXFileReference; explicitFileType = wrapper.application; includeInIndex = 0; path = SoCo.app; sourceTree = BUILT_PRODUCTS_DIR; };
		0FF310A22A125DA6006A731A /* SoCoApp.swift */ = {isa = PBXFileReference; lastKnownFileType = sourcecode.swift; path = SoCoApp.swift; sourceTree = "<group>"; };
		0FF310A42A125DA6006A731A /* ContentView.swift */ = {isa = PBXFileReference; lastKnownFileType = sourcecode.swift; path = ContentView.swift; sourceTree = "<group>"; };
		0FF310A62A125DA8006A731A /* Assets.xcassets */ = {isa = PBXFileReference; lastKnownFileType = folder.assetcatalog; path = Assets.xcassets; sourceTree = "<group>"; };
		0FF310A82A125DA8006A731A /* SoCo.entitlements */ = {isa = PBXFileReference; lastKnownFileType = text.plist.entitlements; path = SoCo.entitlements; sourceTree = "<group>"; };
		0FF310AA2A125DA8006A731A /* Preview Assets.xcassets */ = {isa = PBXFileReference; lastKnownFileType = folder.assetcatalog; path = "Preview Assets.xcassets"; sourceTree = "<group>"; };
		0FF310B12A12826D006A731A /* PartyView.swift */ = {isa = PBXFileReference; lastKnownFileType = sourcecode.swift; path = PartyView.swift; sourceTree = "<group>"; };
		0FF310B32A128423006A731A /* JobView.swift */ = {isa = PBXFileReference; lastKnownFileType = sourcecode.swift; path = JobView.swift; sourceTree = "<group>"; };
		0FF310B52A12876D006A731A /* Answer1.swift */ = {isa = PBXFileReference; lastKnownFileType = sourcecode.swift; path = Answer1.swift; sourceTree = "<group>"; };
/* End PBXFileReference section */

/* Begin PBXFrameworksBuildPhase section */
		0FF3109C2A125DA6006A731A /* Frameworks */ = {
			isa = PBXFrameworksBuildPhase;
			buildActionMask = 2147483647;
			files = (
			);
			runOnlyForDeploymentPostprocessing = 0;
		};
/* End PBXFrameworksBuildPhase section */

/* Begin PBXGroup section */
		0FF310962A125DA6006A731A = {
			isa = PBXGroup;
			children = (
				0F9FD6BF2A1BC76000267F95 /* Courier New Bold Italic.ttf */,
				0F9FD6BE2A1BC76000267F95 /* Courier New Bold.ttf */,
				0F9FD6C02A1BC76000267F95 /* Courier New Italic.ttf */,
				0F9FD6BD2A1BC75F00267F95 /* Courier New.ttf */,
				0FF310A12A125DA6006A731A /* SoCo */,
				0FF310A02A125DA6006A731A /* Products */,
			);
			sourceTree = "<group>";
		};
		0FF310A02A125DA6006A731A /* Products */ = {
			isa = PBXGroup;
			children = (
				0FF3109F2A125DA6006A731A /* SoCo.app */,
			);
			name = Products;
			sourceTree = "<group>";
		};
		0FF310A12A125DA6006A731A /* SoCo */ = {
			isa = PBXGroup;
			children = (
				0FF310A22A125DA6006A731A /* SoCoApp.swift */,
				0FF310A42A125DA6006A731A /* ContentView.swift */,
				0F9FD6B72A1BAE6C00267F95 /* FirstPage.swift */,
				0F9FD6B92A1BB87F00267F95 /* SurveyDisclaimer.swift */,
				0F9FD6BB2A1BB89300267F95 /* SurveyPage.swift */,
				0F9FD6B52A17C32300267F95 /* ScenariosM.swift */,
				0FF310B32A128423006A731A /* JobView.swift */,
				0FF310B12A12826D006A731A /* PartyView.swift */,
				0FF310B52A12876D006A731A /* Answer1.swift */,
				0FF310A62A125DA8006A731A /* Assets.xcassets */,
				0FF310A82A125DA8006A731A /* SoCo.entitlements */,
				0FF310A92A125DA8006A731A /* Preview Content */,
			);
			path = SoCo;
			sourceTree = "<group>";
		};
		0FF310A92A125DA8006A731A /* Preview Content */ = {
			isa = PBXGroup;
			children = (
				0FF310AA2A125DA8006A731A /* Preview Assets.xcassets */,
			);
			path = "Preview Content";
			sourceTree = "<group>";
		};
/* End PBXGroup section */

/* Begin PBXNativeTarget section */
		0FF3109E2A125DA6006A731A /* SoCo */ = {
			isa = PBXNativeTarget;
			buildConfigurationList = 0FF310AE2A125DA8006A731A /* Build configuration list for PBXNativeTarget "SoCo" */;
			buildPhases = (
				0FF3109B2A125DA6006A731A /* Sources */,
				0FF3109C2A125DA6006A731A /* Frameworks */,
				0FF3109D2A125DA6006A731A /* Resources */,
			);
			buildRules = (
			);
			dependencies = (
			);
			name = SoCo;
			productName = SoCo;
			productReference = 0FF3109F2A125DA6006A731A /* SoCo.app */;
			productType = "com.apple.product-type.application";
		};
/* End PBXNativeTarget section */

/* Begin PBXProject section */
		0FF310972A125DA6006A731A /* Project object */ = {
			isa = PBXProject;
			attributes = {
				BuildIndependentTargetsInParallel = 1;
				LastSwiftUpdateCheck = 1430;
				LastUpgradeCheck = 1430;
				TargetAttributes = {
					0FF3109E2A125DA6006A731A = {
						CreatedOnToolsVersion = 14.3;
					};
				};
			};
			buildConfigurationList = 0FF3109A2A125DA6006A731A /* Build configuration list for PBXProject "SoCo" */;
			compatibilityVersion = "Xcode 14.0";
			developmentRegion = en;
			hasScannedForEncodings = 0;
			knownRegions = (
				en,
				Base,
			);
			mainGroup = 0FF310962A125DA6006A731A;
			productRefGroup = 0FF310A02A125DA6006A731A /* Products */;
			projectDirPath = "";
			projectRoot = "";
			targets = (
				0FF3109E2A125DA6006A731A /* SoCo */,
			);
		};
/* End PBXProject section */

/* Begin PBXResourcesBuildPhase section */
		0FF3109D2A125DA6006A731A /* Resources */ = {
			isa = PBXResourcesBuildPhase;
			buildActionMask = 2147483647;
			files = (
				0F9FD6C22A1BC76000267F95 /* Courier New Bold.ttf in Resources */,
				0FF310AB2A125DA8006A731A /* Preview Assets.xcassets in Resources */,
				0FF310A72A125DA8006A731A /* Assets.xcassets in Resources */,
				0F9FD6C32A1BC76000267F95 /* Courier New Bold Italic.ttf in Resources */,
				0F9FD6C12A1BC76000267F95 /* Courier New.ttf in Resources */,
				0F9FD6C42A1BC76000267F95 /* Courier New Italic.ttf in Resources */,
			);
			runOnlyForDeploymentPostprocessing = 0;
		};
/* End PBXResourcesBuildPhase section */

/* Begin PBXSourcesBuildPhase section */
		0FF3109B2A125DA6006A731A /* Sources */ = {
			isa = PBXSourcesBuildPhase;
			buildActionMask = 2147483647;
			files = (
				0FF310B22A12826D006A731A /* PartyView.swift in Sources */,
				0FF310A52A125DA6006A731A /* ContentView.swift in Sources */,
				0FF310B42A128423006A731A /* JobView.swift in Sources */,
				0F9FD6B82A1BAE6C00267F95 /* FirstPage.swift in Sources */,
				0F9FD6BC2A1BB89300267F95 /* SurveyPage.swift in Sources */,
				0F9FD6BA2A1BB87F00267F95 /* SurveyDisclaimer.swift in Sources */,
				0F9FD6B62A17C32300267F95 /* ScenariosM.swift in Sources */,
				0FF310B62A12876D006A731A /* Answer1.swift in Sources */,
				0FF310A32A125DA6006A731A /* SoCoApp.swift in Sources */,
			);
			runOnlyForDeploymentPostprocessing = 0;
		};
/* End PBXSourcesBuildPhase section */

/* Begin XCBuildConfiguration section */
		0FF310AC2A125DA8006A731A /* Debug */ = {
			isa = XCBuildConfiguration;
			buildSettings = {
				ALWAYS_SEARCH_USER_PATHS = NO;
				CLANG_ANALYZER_NONNULL = YES;
				CLANG_ANALYZER_NUMBER_OBJECT_CONVERSION = YES_AGGRESSIVE;
				CLANG_CXX_LANGUAGE_STANDARD = "gnu++20";
				CLANG_ENABLE_MODULES = YES;
				CLANG_ENABLE_OBJC_ARC = YES;
				CLANG_ENABLE_OBJC_WEAK = YES;
				CLANG_WARN_BLOCK_CAPTURE_AUTORELEASING = YES;
				CLANG_WARN_BOOL_CONVERSION = YES;
				CLANG_WARN_COMMA = YES;
				CLANG_WARN_CONSTANT_CONVERSION = YES;
				CLANG_WARN_DEPRECATED_OBJC_IMPLEMENTATIONS = YES;
				CLANG_WARN_DIRECT_OBJC_ISA_USAGE = YES_ERROR;
				CLANG_WARN_DOCUMENTATION_COMMENTS = YES;
				CLANG_WARN_EMPTY_BODY = YES;
				CLANG_WARN_ENUM_CONVERSION = YES;
				CLANG_WARN_INFINITE_RECURSION = YES;
				CLANG_WARN_INT_CONVERSION = YES;
				CLANG_WARN_NON_LITERAL_NULL_CONVERSION = YES;
				CLANG_WARN_OBJC_IMPLICIT_RETAIN_SELF = YES;
				CLANG_WARN_OBJC_LITERAL_CONVERSION = YES;
				CLANG_WARN_OBJC_ROOT_CLASS = YES_ERROR;
				CLANG_WARN_QUOTED_INCLUDE_IN_FRAMEWORK_HEADER = YES;
				CLANG_WARN_RANGE_LOOP_ANALYSIS = YES;
				CLANG_WARN_STRICT_PROTOTYPES = YES;
				CLANG_WARN_SUSPICIOUS_MOVE = YES;
				CLANG_WARN_UNGUARDED_AVAILABILITY = YES_AGGRESSIVE;
				CLANG_WARN_UNREACHABLE_CODE = YES;
				CLANG_WARN__DUPLICATE_METHOD_MATCH = YES;
				COPY_PHASE_STRIP = NO;
				DEBUG_INFORMATION_FORMAT = dwarf;
				ENABLE_STRICT_OBJC_MSGSEND = YES;
				ENABLE_TESTABILITY = YES;
				GCC_C_LANGUAGE_STANDARD = gnu11;
				GCC_DYNAMIC_NO_PIC = NO;
				GCC_NO_COMMON_BLOCKS = YES;
				GCC_OPTIMIZATION_LEVEL = 0;
				GCC_PREPROCESSOR_DEFINITIONS = (
					"DEBUG=1",
					"$(inherited)",
				);
				GCC_WARN_64_TO_32_BIT_CONVERSION = YES;
				GCC_WARN_ABOUT_RETURN_TYPE = YES_ERROR;
				GCC_WARN_UNDECLARED_SELECTOR = YES;
				GCC_WARN_UNINITIALIZED_AUTOS = YES_AGGRESSIVE;
				GCC_WARN_UNUSED_FUNCTION = YES;
				GCC_WARN_UNUSED_VARIABLE = YES;
				MTL_ENABLE_DEBUG_INFO = INCLUDE_SOURCE;
				MTL_FAST_MATH = YES;
				ONLY_ACTIVE_ARCH = YES;
				SWIFT_ACTIVE_COMPILATION_CONDITIONS = DEBUG;
				SWIFT_OPTIMIZATION_LEVEL = "-Onone";
			};
			name = Debug;
		};
		0FF310AD2A125DA8006A731A /* Release */ = {
			isa = XCBuildConfiguration;
			buildSettings = {
				ALWAYS_SEARCH_USER_PATHS = NO;
				CLANG_ANALYZER_NONNULL = YES;
				CLANG_ANALYZER_NUMBER_OBJECT_CONVERSION = YES_AGGRESSIVE;
				CLANG_CXX_LANGUAGE_STANDARD = "gnu++20";
				CLANG_ENABLE_MODULES = YES;
				CLANG_ENABLE_OBJC_ARC = YES;
				CLANG_ENABLE_OBJC_WEAK = YES;
				CLANG_WARN_BLOCK_CAPTURE_AUTORELEASING = YES;
				CLANG_WARN_BOOL_CONVERSION = YES;
				CLANG_WARN_COMMA = YES;
				CLANG_WARN_CONSTANT_CONVERSION = YES;
				CLANG_WARN_DEPRECATED_OBJC_IMPLEMENTATIONS = YES;
				CLANG_WARN_DIRECT_OBJC_ISA_USAGE = YES_ERROR;
				CLANG_WARN_DOCUMENTATION_COMMENTS = YES;
				CLANG_WARN_EMPTY_BODY = YES;
				CLANG_WARN_ENUM_CONVERSION = YES;
				CLANG_WARN_INFINITE_RECURSION = YES;
				CLANG_WARN_INT_CONVERSION = YES;
				CLANG_WARN_NON_LITERAL_NULL_CONVERSION = YES;
				CLANG_WARN_OBJC_IMPLICIT_RETAIN_SELF = YES;
				CLANG_WARN_OBJC_LITERAL_CONVERSION = YES;
				CLANG_WARN_OBJC_ROOT_CLASS = YES_ERROR;
				CLANG_WARN_QUOTED_INCLUDE_IN_FRAMEWORK_HEADER = YES;
				CLANG_WARN_RANGE_LOOP_ANALYSIS = YES;
				CLANG_WARN_STRICT_PROTOTYPES = YES;
				CLANG_WARN_SUSPICIOUS_MOVE = YES;
				CLANG_WARN_UNGUARDED_AVAILABILITY = YES_AGGRESSIVE;
				CLANG_WARN_UNREACHABLE_CODE = YES;
				CLANG_WARN__DUPLICATE_METHOD_MATCH = YES;
				COPY_PHASE_STRIP = NO;
				DEBUG_INFORMATION_FORMAT = "dwarf-with-dsym";
				ENABLE_NS_ASSERTIONS = NO;
				ENABLE_STRICT_OBJC_MSGSEND = YES;
				GCC_C_LANGUAGE_STANDARD = gnu11;
				GCC_NO_COMMON_BLOCKS = YES;
				GCC_WARN_64_TO_32_BIT_CONVERSION = YES;
				GCC_WARN_ABOUT_RETURN_TYPE = YES_ERROR;
				GCC_WARN_UNDECLARED_SELECTOR = YES;
				GCC_WARN_UNINITIALIZED_AUTOS = YES_AGGRESSIVE;
				GCC_WARN_UNUSED_FUNCTION = YES;
				GCC_WARN_UNUSED_VARIABLE = YES;
				MTL_ENABLE_DEBUG_INFO = NO;
				MTL_FAST_MATH = YES;
				SWIFT_COMPILATION_MODE = wholemodule;
				SWIFT_OPTIMIZATION_LEVEL = "-O";
			};
			name = Release;
		};
		0FF310AF2A125DA8006A731A /* Debug */ = {
			isa = XCBuildConfiguration;
			buildSettings = {
				ASSETCATALOG_COMPILER_APPICON_NAME = AppIcon;
				ASSETCATALOG_COMPILER_GLOBAL_ACCENT_COLOR_NAME = AccentColor;
				CODE_SIGN_ENTITLEMENTS = SoCo/SoCo.entitlements;
				CODE_SIGN_STYLE = Automatic;
				CURRENT_PROJECT_VERSION = 1;
				DEVELOPMENT_ASSET_PATHS = "\"SoCo/Preview Content\"";
				DEVELOPMENT_TEAM = GYG86Q2966;
				ENABLE_HARDENED_RUNTIME = YES;
				ENABLE_PREVIEWS = YES;
				GENERATE_INFOPLIST_FILE = YES;
				"INFOPLIST_KEY_UIApplicationSceneManifest_Generation[sdk=iphoneos*]" = YES;
				"INFOPLIST_KEY_UIApplicationSceneManifest_Generation[sdk=iphonesimulator*]" = YES;
				"INFOPLIST_KEY_UIApplicationSupportsIndirectInputEvents[sdk=iphoneos*]" = YES;
				"INFOPLIST_KEY_UIApplicationSupportsIndirectInputEvents[sdk=iphonesimulator*]" = YES;
				"INFOPLIST_KEY_UILaunchScreen_Generation[sdk=iphoneos*]" = YES;
				"INFOPLIST_KEY_UILaunchScreen_Generation[sdk=iphonesimulator*]" = YES;
				"INFOPLIST_KEY_UIStatusBarStyle[sdk=iphoneos*]" = UIStatusBarStyleDefault;
				"INFOPLIST_KEY_UIStatusBarStyle[sdk=iphonesimulator*]" = UIStatusBarStyleDefault;
				INFOPLIST_KEY_UISupportedInterfaceOrientations_iPad = "UIInterfaceOrientationPortrait UIInterfaceOrientationPortraitUpsideDown UIInterfaceOrientationLandscapeLeft UIInterfaceOrientationLandscapeRight";
				INFOPLIST_KEY_UISupportedInterfaceOrientations_iPhone = "UIInterfaceOrientationPortrait UIInterfaceOrientationLandscapeLeft UIInterfaceOrientationLandscapeRight";
				IPHONEOS_DEPLOYMENT_TARGET = 16.4;
				LD_RUNPATH_SEARCH_PATHS = "@executable_path/Frameworks";
				"LD_RUNPATH_SEARCH_PATHS[sdk=macosx*]" = "@executable_path/../Frameworks";
				MACOSX_DEPLOYMENT_TARGET = 13.3;
				MARKETING_VERSION = 1.0;
				PRODUCT_BUNDLE_IDENTIFIER = Project.SoCo;
				PRODUCT_NAME = "$(TARGET_NAME)";
				SDKROOT = auto;
				SUPPORTED_PLATFORMS = "iphoneos iphonesimulator macosx";
				SWIFT_EMIT_LOC_STRINGS = YES;
				SWIFT_VERSION = 5.0;
				TARGETED_DEVICE_FAMILY = "1,2";
			};
			name = Debug;
		};
		0FF310B02A125DA8006A731A /* Release */ = {
			isa = XCBuildConfiguration;
			buildSettings = {
				ASSETCATALOG_COMPILER_APPICON_NAME = AppIcon;
				ASSETCATALOG_COMPILER_GLOBAL_ACCENT_COLOR_NAME = AccentColor;
				CODE_SIGN_ENTITLEMENTS = SoCo/SoCo.entitlements;
				CODE_SIGN_STYLE = Automatic;
				CURRENT_PROJECT_VERSION = 1;
				DEVELOPMENT_ASSET_PATHS = "\"SoCo/Preview Content\"";
				DEVELOPMENT_TEAM = GYG86Q2966;
				ENABLE_HARDENED_RUNTIME = YES;
				ENABLE_PREVIEWS = YES;
				GENERATE_INFOPLIST_FILE = YES;
				"INFOPLIST_KEY_UIApplicationSceneManifest_Generation[sdk=iphoneos*]" = YES;
				"INFOPLIST_KEY_UIApplicationSceneManifest_Generation[sdk=iphonesimulator*]" = YES;
				"INFOPLIST_KEY_UIApplicationSupportsIndirectInputEvents[sdk=iphoneos*]" = YES;
				"INFOPLIST_KEY_UIApplicationSupportsIndirectInputEvents[sdk=iphonesimulator*]" = YES;
				"INFOPLIST_KEY_UILaunchScreen_Generation[sdk=iphoneos*]" = YES;
				"INFOPLIST_KEY_UILaunchScreen_Generation[sdk=iphonesimulator*]" = YES;
				"INFOPLIST_KEY_UIStatusBarStyle[sdk=iphoneos*]" = UIStatusBarStyleDefault;
				"INFOPLIST_KEY_UIStatusBarStyle[sdk=iphonesimulator*]" = UIStatusBarStyleDefault;
				INFOPLIST_KEY_UISupportedInterfaceOrientations_iPad = "UIInterfaceOrientationPortrait UIInterfaceOrientationPortraitUpsideDown UIInterfaceOrientationLandscapeLeft UIInterfaceOrientationLandscapeRight";
				INFOPLIST_KEY_UISupportedInterfaceOrientations_iPhone = "UIInterfaceOrientationPortrait UIInterfaceOrientationLandscapeLeft UIInterfaceOrientationLandscapeRight";
				IPHONEOS_DEPLOYMENT_TARGET = 16.4;
				LD_RUNPATH_SEARCH_PATHS = "@executable_path/Frameworks";
				"LD_RUNPATH_SEARCH_PATHS[sdk=macosx*]" = "@executable_path/../Frameworks";
				MACOSX_DEPLOYMENT_TARGET = 13.3;
				MARKETING_VERSION = 1.0;
				PRODUCT_BUNDLE_IDENTIFIER = Project.SoCo;
				PRODUCT_NAME = "$(TARGET_NAME)";
				SDKROOT = auto;
				SUPPORTED_PLATFORMS = "iphoneos iphonesimulator macosx";
				SWIFT_EMIT_LOC_STRINGS = YES;
				SWIFT_VERSION = 5.0;
				TARGETED_DEVICE_FAMILY = "1,2";
			};
			name = Release;
		};
/* End XCBuildConfiguration section */

/* Begin XCConfigurationList section */
		0FF3109A2A125DA6006A731A /* Build configuration list for PBXProject "SoCo" */ = {
			isa = XCConfigurationList;
			buildConfigurations = (
				0FF310AC2A125DA8006A731A /* Debug */,
				0FF310AD2A125DA8006A731A /* Release */,
			);
			defaultConfigurationIsVisible = 0;
			defaultConfigurationName = Release;
		};
		0FF310AE2A125DA8006A731A /* Build configuration list for PBXNativeTarget "SoCo" */ = {
			isa = XCConfigurationList;
			buildConfigurations = (
				0FF310AF2A125DA8006A731A /* Debug */,
				0FF310B02A125DA8006A731A /* Release */,
			);
			defaultConfigurationIsVisible = 0;
			defaultConfigurationName = Release;
		};
/* End XCConfigurationList section */
	};
	rootObject = 0FF310972A125DA6006A731A /* Project object */;
}
